// !$*UTF8*$!
{
	archiveVersion = 1;
	classes = {
	};
	objectVersion = 50;
	objects = {

/* Begin PBXBuildFile section */
		1B0B519F22F1C9B900759822 /* AppDelegate.swift in Sources */ = {isa = PBXBuildFile; fileRef = 1B0B519E22F1C9B900759822 /* AppDelegate.swift */; };
		1B0B51A122F1C9B900759822 /* ViewController.swift in Sources */ = {isa = PBXBuildFile; fileRef = 1B0B51A022F1C9B900759822 /* ViewController.swift */; };
		1B0B51A422F1C9B900759822 /* Main.storyboard in Resources */ = {isa = PBXBuildFile; fileRef = 1B0B51A222F1C9B900759822 /* Main.storyboard */; };
		1B0B51A622F1C9BA00759822 /* Assets.xcassets in Resources */ = {isa = PBXBuildFile; fileRef = 1B0B51A522F1C9BA00759822 /* Assets.xcassets */; };
		1B0B51A922F1C9BA00759822 /* LaunchScreen.storyboard in Resources */ = {isa = PBXBuildFile; fileRef = 1B0B51A722F1C9BA00759822 /* LaunchScreen.storyboard */; };
		1B0B51B122F1CAA200759822 /* MainTabBarController.swift in Sources */ = {isa = PBXBuildFile; fileRef = 1B0B51B022F1CAA200759822 /* MainTabBarController.swift */; };
		1B0B51BB22F1CD8C00759822 /* UIColor+colors.swift in Sources */ = {isa = PBXBuildFile; fileRef = 1B0B51BA22F1CD8C00759822 /* UIColor+colors.swift */; };
		1B0B51C722F57A1D00759822 /* CoinMarketCap.swift in Sources */ = {isa = PBXBuildFile; fileRef = 1B0B51C622F57A1D00759822 /* CoinMarketCap.swift */; };
		1B0B51C922F57A5900759822 /* CoinsController.swift in Sources */ = {isa = PBXBuildFile; fileRef = 1B0B51C822F57A5900759822 /* CoinsController.swift */; };
		1B0B51CB22F57C6500759822 /* CustomCoinControllerCell.swift in Sources */ = {isa = PBXBuildFile; fileRef = 1B0B51CA22F57C6500759822 /* CustomCoinControllerCell.swift */; };
		1B0B51CD22F897E300759822 /* NewsArticle.swift in Sources */ = {isa = PBXBuildFile; fileRef = 1B0B51CC22F897E300759822 /* NewsArticle.swift */; };
		1B0B51CF22F8980E00759822 /* NewsController.swift in Sources */ = {isa = PBXBuildFile; fileRef = 1B0B51CE22F8980E00759822 /* NewsController.swift */; };
		1B0B51D122F898F300759822 /* CustomNewsControllerCell.swift in Sources */ = {isa = PBXBuildFile; fileRef = 1B0B51D022F898F300759822 /* CustomNewsControllerCell.swift */; };
/* End PBXBuildFile section */

/* Begin PBXFileReference section */
		1B0B519B22F1C9B900759822 /* CryptoLightV1App.app */ = {isa = PBXFileReference; explicitFileType = wrapper.application; includeInIndex = 0; path = CryptoLightV1App.app; sourceTree = BUILT_PRODUCTS_DIR; };
		1B0B519E22F1C9B900759822 /* AppDelegate.swift */ = {isa = PBXFileReference; lastKnownFileType = sourcecode.swift; path = AppDelegate.swift; sourceTree = "<group>"; };
		1B0B51A022F1C9B900759822 /* ViewController.swift */ = {isa = PBXFileReference; lastKnownFileType = sourcecode.swift; path = ViewController.swift; sourceTree = "<group>"; };
		1B0B51A322F1C9B900759822 /* Base */ = {isa = PBXFileReference; lastKnownFileType = file.storyboard; name = Base; path = Base.lproj/Main.storyboard; sourceTree = "<group>"; };
		1B0B51A522F1C9BA00759822 /* Assets.xcassets */ = {isa = PBXFileReference; lastKnownFileType = folder.assetcatalog; path = Assets.xcassets; sourceTree = "<group>"; };
		1B0B51A822F1C9BA00759822 /* Base */ = {isa = PBXFileReference; lastKnownFileType = file.storyboard; name = Base; path = Base.lproj/LaunchScreen.storyboard; sourceTree = "<group>"; };
		1B0B51AA22F1C9BA00759822 /* Info.plist */ = {isa = PBXFileReference; lastKnownFileType = text.plist.xml; path = Info.plist; sourceTree = "<group>"; };
		1B0B51B022F1CAA200759822 /* MainTabBarController.swift */ = {isa = PBXFileReference; lastKnownFileType = sourcecode.swift; path = MainTabBarController.swift; sourceTree = "<group>"; };
		1B0B51BA22F1CD8C00759822 /* UIColor+colors.swift */ = {isa = PBXFileReference; lastKnownFileType = sourcecode.swift; path = "UIColor+colors.swift"; sourceTree = "<group>"; };
		1B0B51C622F57A1D00759822 /* CoinMarketCap.swift */ = {isa = PBXFileReference; lastKnownFileType = sourcecode.swift; path = CoinMarketCap.swift; sourceTree = "<group>"; };
		1B0B51C822F57A5900759822 /* CoinsController.swift */ = {isa = PBXFileReference; lastKnownFileType = sourcecode.swift; path = CoinsController.swift; sourceTree = "<group>"; };
		1B0B51CA22F57C6500759822 /* CustomCoinControllerCell.swift */ = {isa = PBXFileReference; lastKnownFileType = sourcecode.swift; path = CustomCoinControllerCell.swift; sourceTree = "<group>"; };
		1B0B51CC22F897E300759822 /* NewsArticle.swift */ = {isa = PBXFileReference; lastKnownFileType = sourcecode.swift; path = NewsArticle.swift; sourceTree = "<group>"; };
		1B0B51CE22F8980E00759822 /* NewsController.swift */ = {isa = PBXFileReference; lastKnownFileType = sourcecode.swift; path = NewsController.swift; sourceTree = "<group>"; };
		1B0B51D022F898F300759822 /* CustomNewsControllerCell.swift */ = {isa = PBXFileReference; lastKnownFileType = sourcecode.swift; path = CustomNewsControllerCell.swift; sourceTree = "<group>"; };
/* End PBXFileReference section */

/* Begin PBXFrameworksBuildPhase section */
		1B0B519822F1C9B900759822 /* Frameworks */ = {
			isa = PBXFrameworksBuildPhase;
			buildActionMask = 2147483647;
			files = (
			);
			runOnlyForDeploymentPostprocessing = 0;
		};
/* End PBXFrameworksBuildPhase section */

/* Begin PBXGroup section */
		1B0B519222F1C9B900759822 = {
			isa = PBXGroup;
			children = (
				1B0B519D22F1C9B900759822 /* CryptoLightV1App */,
				1B0B519C22F1C9B900759822 /* Products */,
			);
			sourceTree = "<group>";
		};
		1B0B519C22F1C9B900759822 /* Products */ = {
			isa = PBXGroup;
			children = (
				1B0B519B22F1C9B900759822 /* CryptoLightV1App.app */,
			);
			name = Products;
			sourceTree = "<group>";
		};
		1B0B519D22F1C9B900759822 /* CryptoLightV1App */ = {
			isa = PBXGroup;
			children = (
				1B0B519E22F1C9B900759822 /* AppDelegate.swift */,
				1B0B51A022F1C9B900759822 /* ViewController.swift */,
				1B0B51A222F1C9B900759822 /* Main.storyboard */,
				1B0B51A522F1C9BA00759822 /* Assets.xcassets */,
				1B0B51A722F1C9BA00759822 /* LaunchScreen.storyboard */,
				1B0B51AA22F1C9BA00759822 /* Info.plist */,
				1B0B51B022F1CAA200759822 /* MainTabBarController.swift */,
				1B0B51BA22F1CD8C00759822 /* UIColor+colors.swift */,
				1B0B51C622F57A1D00759822 /* CoinMarketCap.swift */,
				1B0B51C822F57A5900759822 /* CoinsController.swift */,
				1B0B51CA22F57C6500759822 /* CustomCoinControllerCell.swift */,
				1B0B51CC22F897E300759822 /* NewsArticle.swift */,
				1B0B51CE22F8980E00759822 /* NewsController.swift */,
				1B0B51D022F898F300759822 /* CustomNewsControllerCell.swift */,
			);
			path = CryptoLightV1App;
			sourceTree = "<group>";
		};
/* End PBXGroup section */

/* Begin PBXNativeTarget section */
		1B0B519A22F1C9B900759822 /* CryptoLightV1App */ = {
			isa = PBXNativeTarget;
			buildConfigurationList = 1B0B51AD22F1C9BA00759822 /* Build configuration list for PBXNativeTarget "CryptoLightV1App" */;
			buildPhases = (
				1B0B519722F1C9B900759822 /* Sources */,
				1B0B519822F1C9B900759822 /* Frameworks */,
				1B0B519922F1C9B900759822 /* Resources */,
			);
			buildRules = (
			);
			dependencies = (
			);
			name = CryptoLightV1App;
			productName = CryptoLightV1App;
			productReference = 1B0B519B22F1C9B900759822 /* CryptoLightV1App.app */;
			productType = "com.apple.product-type.application";
		};
/* End PBXNativeTarget section */

/* Begin PBXProject section */
		1B0B519322F1C9B900759822 /* Project object */ = {
			isa = PBXProject;
			attributes = {
				LastSwiftUpdateCheck = 1030;
				LastUpgradeCheck = 1030;
				ORGANIZATIONNAME = "twisted echo";
				TargetAttributes = {
					1B0B519A22F1C9B900759822 = {
						CreatedOnToolsVersion = 10.3;
					};
				};
			};
			buildConfigurationList = 1B0B519622F1C9B900759822 /* Build configuration list for PBXProject "CryptoLightV1App" */;
			compatibilityVersion = "Xcode 9.3";
			developmentRegion = en;
			hasScannedForEncodings = 0;
			knownRegions = (
				en,
				Base,
			);
			mainGroup = 1B0B519222F1C9B900759822;
			productRefGroup = 1B0B519C22F1C9B900759822 /* Products */;
			projectDirPath = "";
			projectRoot = "";
			targets = (
				1B0B519A22F1C9B900759822 /* CryptoLightV1App */,
			);
		};
/* End PBXProject section */

/* Begin PBXResourcesBuildPhase section */
		1B0B519922F1C9B900759822 /* Resources */ = {
			isa = PBXResourcesBuildPhase;
			buildActionMask = 2147483647;
			files = (
				1B0B51A922F1C9BA00759822 /* LaunchScreen.storyboard in Resources */,
				1B0B51A622F1C9BA00759822 /* Assets.xcassets in Resources */,
				1B0B51A422F1C9B900759822 /* Main.storyboard in Resources */,
			);
			runOnlyForDeploymentPostprocessing = 0;
		};
/* End PBXResourcesBuildPhase section */

/* Begin PBXSourcesBuildPhase section */
		1B0B519722F1C9B900759822 /* Sources */ = {
			isa = PBXSourcesBuildPhase;
			buildActionMask = 2147483647;
			files = (
				1B0B51C922F57A5900759822 /* CoinsController.swift in Sources */,
				1B0B51A122F1C9B900759822 /* ViewController.swift in Sources */,
				1B0B51BB22F1CD8C00759822 /* UIColor+colors.swift in Sources */,
				1B0B51D122F898F300759822 /* CustomNewsControllerCell.swift in Sources */,
				1B0B51CB22F57C6500759822 /* CustomCoinControllerCell.swift in Sources */,
				1B0B519F22F1C9B900759822 /* AppDelegate.swift in Sources */,
				1B0B51CD22F897E300759822 /* NewsArticle.swift in Sources */,
				1B0B51CF22F8980E00759822 /* NewsController.swift in Sources */,
				1B0B51B122F1CAA200759822 /* MainTabBarController.swift in Sources */,
				1B0B51C722F57A1D00759822 /* CoinMarketCap.swift in Sources */,
			);
			runOnlyForDeploymentPostprocessing = 0;
		};
/* End PBXSourcesBuildPhase section */

/* Begin PBXVariantGroup section */
		1B0B51A222F1C9B900759822 /* Main.storyboard */ = {
			isa = PBXVariantGroup;
			children = (
				1B0B51A322F1C9B900759822 /* Base */,
			);
			name = Main.storyboard;
			sourceTree = "<group>";
		};
		1B0B51A722F1C9BA00759822 /* LaunchScreen.storyboard */ = {
			isa = PBXVariantGroup;
			children = (
				1B0B51A822F1C9BA00759822 /* Base */,
			);
			name = LaunchScreen.storyboard;
			sourceTree = "<group>";
		};
/* End PBXVariantGroup section */

/* Begin XCBuildConfiguration section */
		1B0B51AB22F1C9BA00759822 /* Debug */ = {
			isa = XCBuildConfiguration;
			buildSettings = {
				ALWAYS_SEARCH_USER_PATHS = NO;
				CLANG_ANALYZER_NONNULL = YES;
				CLANG_ANALYZER_NUMBER_OBJECT_CONVERSION = YES_AGGRESSIVE;
				CLANG_CXX_LANGUAGE_STANDARD = "gnu++14";
				CLANG_CXX_LIBRARY = "libc++";
				CLANG_ENABLE_MODULES = YES;
				CLANG_ENABLE_OBJC_ARC = YES;
				CLANG_ENABLE_OBJC_WEAK = YES;
				CLANG_WARN_BLOCK_CAPTURE_AUTORELEASING = YES;
				CLANG_WARN_BOOL_CONVERSION = YES;
				CLANG_WARN_COMMA = YES;
				CLANG_WARN_CONSTANT_CONVERSION = YES;
				CLANG_WARN_DEPRECATED_OBJC_IMPLEMENTATIONS = YES;
				CLANG_WARN_DIRECT_OBJC_ISA_USAGE = YES_ERROR;
				CLANG_WARN_DOCUMENTATION_COMMENTS = YES;
				CLANG_WARN_EMPTY_BODY = YES;
				CLANG_WARN_ENUM_CONVERSION = YES;
				CLANG_WARN_INFINITE_RECURSION = YES;
				CLANG_WARN_INT_CONVERSION = YES;
				CLANG_WARN_NON_LITERAL_NULL_CONVERSION = YES;
				CLANG_WARN_OBJC_IMPLICIT_RETAIN_SELF = YES;
				CLANG_WARN_OBJC_LITERAL_CONVERSION = YES;
				CLANG_WARN_OBJC_ROOT_CLASS = YES_ERROR;
				CLANG_WARN_RANGE_LOOP_ANALYSIS = YES;
				CLANG_WARN_STRICT_PROTOTYPES = YES;
				CLANG_WARN_SUSPICIOUS_MOVE = YES;
				CLANG_WARN_UNGUARDED_AVAILABILITY = YES_AGGRESSIVE;
				CLANG_WARN_UNREACHABLE_CODE = YES;
				CLANG_WARN__DUPLICATE_METHOD_MATCH = YES;
				CODE_SIGN_IDENTITY = "iPhone Developer";
				COPY_PHASE_STRIP = NO;
				DEBUG_INFORMATION_FORMAT = dwarf;
				ENABLE_STRICT_OBJC_MSGSEND = YES;
				ENABLE_TESTABILITY = YES;
				GCC_C_LANGUAGE_STANDARD = gnu11;
				GCC_DYNAMIC_NO_PIC = NO;
				GCC_NO_COMMON_BLOCKS = YES;
				GCC_OPTIMIZATION_LEVEL = 0;
				GCC_PREPROCESSOR_DEFINITIONS = (
					"DEBUG=1",
					"$(inherited)",
				);
				GCC_WARN_64_TO_32_BIT_CONVERSION = YES;
				GCC_WARN_ABOUT_RETURN_TYPE = YES_ERROR;
				GCC_WARN_UNDECLARED_SELECTOR = YES;
				GCC_WARN_UNINITIALIZED_AUTOS = YES_AGGRESSIVE;
				GCC_WARN_UNUSED_FUNCTION = YES;
				GCC_WARN_UNUSED_VARIABLE = YES;
				IPHONEOS_DEPLOYMENT_TARGET = 12.4;
				MTL_ENABLE_DEBUG_INFO = INCLUDE_SOURCE;
				MTL_FAST_MATH = YES;
				ONLY_ACTIVE_ARCH = YES;
				SDKROOT = iphoneos;
				SWIFT_ACTIVE_COMPILATION_CONDITIONS = DEBUG;
				SWIFT_OPTIMIZATION_LEVEL = "-Onone";
			};
			name = Debug;
		};
		1B0B51AC22F1C9BA00759822 /* Release */ = {
			isa = XCBuildConfiguration;
			buildSettings = {
				ALWAYS_SEARCH_USER_PATHS = NO;
				CLANG_ANALYZER_NONNULL = YES;
				CLANG_ANALYZER_NUMBER_OBJECT_CONVERSION = YES_AGGRESSIVE;
				CLANG_CXX_LANGUAGE_STANDARD = "gnu++14";
				CLANG_CXX_LIBRARY = "libc++";
				CLANG_ENABLE_MODULES = YES;
				CLANG_ENABLE_OBJC_ARC = YES;
				CLANG_ENABLE_OBJC_WEAK = YES;
				CLANG_WARN_BLOCK_CAPTURE_AUTORELEASING = YES;
				CLANG_WARN_BOOL_CONVERSION = YES;
				CLANG_WARN_COMMA = YES;
				CLANG_WARN_CONSTANT_CONVERSION = YES;
				CLANG_WARN_DEPRECATED_OBJC_IMPLEMENTATIONS = YES;
				CLANG_WARN_DIRECT_OBJC_ISA_USAGE = YES_ERROR;
				CLANG_WARN_DOCUMENTATION_COMMENTS = YES;
				CLANG_WARN_EMPTY_BODY = YES;
				CLANG_WARN_ENUM_CONVERSION = YES;
				CLANG_WARN_INFINITE_RECURSION = YES;
				CLANG_WARN_INT_CONVERSION = YES;
				CLANG_WARN_NON_LITERAL_NULL_CONVERSION = YES;
				CLANG_WARN_OBJC_IMPLICIT_RETAIN_SELF = YES;
				CLANG_WARN_OBJC_LITERAL_CONVERSION = YES;
				CLANG_WARN_OBJC_ROOT_CLASS = YES_ERROR;
				CLANG_WARN_RANGE_LOOP_ANALYSIS = YES;
				CLANG_WARN_STRICT_PROTOTYPES = YES;
				CLANG_WARN_SUSPICIOUS_MOVE = YES;
				CLANG_WARN_UNGUARDED_AVAILABILITY = YES_AGGRESSIVE;
				CLANG_WARN_UNREACHABLE_CODE = YES;
				CLANG_WARN__DUPLICATE_METHOD_MATCH = YES;
				CODE_SIGN_IDENTITY = "iPhone Developer";
				COPY_PHASE_STRIP = NO;
				DEBUG_INFORMATION_FORMAT = "dwarf-with-dsym";
				ENABLE_NS_ASSERTIONS = NO;
				ENABLE_STRICT_OBJC_MSGSEND = YES;
				GCC_C_LANGUAGE_STANDARD = gnu11;
				GCC_NO_COMMON_BLOCKS = YES;
				GCC_WARN_64_TO_32_BIT_CONVERSION = YES;
				GCC_WARN_ABOUT_RETURN_TYPE = YES_ERROR;
				GCC_WARN_UNDECLARED_SELECTOR = YES;
				GCC_WARN_UNINITIALIZED_AUTOS = YES_AGGRESSIVE;
				GCC_WARN_UNUSED_FUNCTION = YES;
				GCC_WARN_UNUSED_VARIABLE = YES;
				IPHONEOS_DEPLOYMENT_TARGET = 12.4;
				MTL_ENABLE_DEBUG_INFO = NO;
				MTL_FAST_MATH = YES;
				SDKROOT = iphoneos;
				SWIFT_COMPILATION_MODE = wholemodule;
				SWIFT_OPTIMIZATION_LEVEL = "-O";
				VALIDATE_PRODUCT = YES;
			};
			name = Release;
		};
		1B0B51AE22F1C9BA00759822 /* Debug */ = {
			isa = XCBuildConfiguration;
			buildSettings = {
				ASSETCATALOG_COMPILER_APPICON_NAME = AppIcon;
				CODE_SIGN_STYLE = Automatic;
				DEVELOPMENT_TEAM = UMQAGMF379;
				INFOPLIST_FILE = CryptoLightV1App/Info.plist;
				LD_RUNPATH_SEARCH_PATHS = (
					"$(inherited)",
					"@executable_path/Frameworks",
				);
				PRODUCT_BUNDLE_IDENTIFIER = com.twisted.CryptoLightV1App;
				PRODUCT_NAME = "$(TARGET_NAME)";
				SWIFT_VERSION = 5.0;
				TARGETED_DEVICE_FAMILY = "1,2";
			};
			name = Debug;
		};
		1B0B51AF22F1C9BA00759822 /* Release */ = {
			isa = XCBuildConfiguration;
			buildSettings = {
				ASSETCATALOG_COMPILER_APPICON_NAME = AppIcon;
				CODE_SIGN_STYLE = Automatic;
				DEVELOPMENT_TEAM = UMQAGMF379;
				INFOPLIST_FILE = CryptoLightV1App/Info.plist;
				LD_RUNPATH_SEARCH_PATHS = (
					"$(inherited)",
					"@executable_path/Frameworks",
				);
				PRODUCT_BUNDLE_IDENTIFIER = com.twisted.CryptoLightV1App;
				PRODUCT_NAME = "$(TARGET_NAME)";
				SWIFT_VERSION = 5.0;
				TARGETED_DEVICE_FAMILY = "1,2";
			};
			name = Release;
		};
/* End XCBuildConfiguration section */

/* Begin XCConfigurationList section */
		1B0B519622F1C9B900759822 /* Build configuration list for PBXProject "CryptoLightV1App" */ = {
			isa = XCConfigurationList;
			buildConfigurations = (
				1B0B51AB22F1C9BA00759822 /* Debug */,
				1B0B51AC22F1C9BA00759822 /* Release */,
			);
			defaultConfigurationIsVisible = 0;
			defaultConfigurationName = Release;
		};
		1B0B51AD22F1C9BA00759822 /* Build configuration list for PBXNativeTarget "CryptoLightV1App" */ = {
			isa = XCConfigurationList;
			buildConfigurations = (
				1B0B51AE22F1C9BA00759822 /* Debug */,
				1B0B51AF22F1C9BA00759822 /* Release */,
			);
			defaultConfigurationIsVisible = 0;
			defaultConfigurationName = Release;
		};
/* End XCConfigurationList section */
	};
	rootObject = 1B0B519322F1C9B900759822 /* Project object */;
}
