// !$*UTF8*$!
{
	archiveVersion = 1;
	classes = {
	};
	objectVersion = 50;
	objects = {

/* Begin PBXBuildFile section */
		1B0B519F22F1C9B900759822 /* AppDelegate.swift in Sources */ = {isa = PBXBuildFile; fileRef = 1B0B519E22F1C9B900759822 /* AppDelegate.swift */; };
		1B0B51A122F1C9B900759822 /* ViewController.swift in Sources */ = {isa = PBXBuildFile; fileRef = 1B0B51A022F1C9B900759822 /* ViewController.swift */; };
		1B0B51A422F1C9B900759822 /* Main.storyboard in Resources */ = {isa = PBXBuildFile; fileRef = 1B0B51A222F1C9B900759822 /* Main.storyboard */; };
		1B0B51A622F1C9BA00759822 /* Assets.xcassets in Resources */ = {isa = PBXBuildFile; fileRef = 1B0B51A522F1C9BA00759822 /* Assets.xcassets */; };
		1B0B51A922F1C9BA00759822 /* LaunchScreen.storyboard in Resources */ = {isa = PBXBuildFile; fileRef = 1B0B51A722F1C9BA00759822 /* LaunchScreen.storyboard */; };
		1B0B51B122F1CAA200759822 /* MainTabBarController.swift in Sources */ = {isa = PBXBuildFile; fileRef = 1B0B51B022F1CAA200759822 /* MainTabBarController.swift */; };
		1B0B51BB22F1CD8C00759822 /* UIColor+colors.swift in Sources */ = {isa = PBXBuildFile; fileRef = 1B0B51BA22F1CD8C00759822 /* UIColor+colors.swift */; };
		1B0B51C722F57A1D00759822 /* CoinMarketCap.swift in Sources */ = {isa = PBXBuildFile; fileRef = 1B0B51C622F57A1D00759822 /* CoinMarketCap.swift */; };
		1B0B51C922F57A5900759822 /* CoinsController.swift in Sources */ = {isa = PBXBuildFile; fileRef = 1B0B51C822F57A5900759822 /* CoinsController.swift */; };
		1B0B51CB22F57C6500759822 /* CustomCoinControllerCell.swift in Sources */ = {isa = PBXBuildFile; fileRef = 1B0B51CA22F57C6500759822 /* CustomCoinControllerCell.swift */; };
		1B0B51CD22F897E300759822 /* NewsArticle.swift in Sources */ = {isa = PBXBuildFile; fileRef = 1B0B51CC22F897E300759822 /* NewsArticle.swift */; };
		1B0B51CF22F8980E00759822 /* NewsController.swift in Sources */ = {isa = PBXBuildFile; fileRef = 1B0B51CE22F8980E00759822 /* NewsController.swift */; };
		1B0B51D122F898F300759822 /* CustomNewsControllerCell.swift in Sources */ = {isa = PBXBuildFile; fileRef = 1B0B51D022F898F300759822 /* CustomNewsControllerCell.swift */; };
		1B0B51D523001FCB00759822 /* BaseListController.swift in Sources */ = {isa = PBXBuildFile; fileRef = 1B0B51D423001FCB00759822 /* BaseListController.swift */; };
		1B46E729234E62790016DA93 /* Poppins-SemiBold.ttf in Resources */ = {isa = PBXBuildFile; fileRef = 1B46E717234E62760016DA93 /* Poppins-SemiBold.ttf */; };
		1B46E72A234E62790016DA93 /* Poppins-BoldItalic.ttf in Resources */ = {isa = PBXBuildFile; fileRef = 1B46E718234E62760016DA93 /* Poppins-BoldItalic.ttf */; };
		1B46E72B234E62790016DA93 /* Poppins-ExtraBold.ttf in Resources */ = {isa = PBXBuildFile; fileRef = 1B46E719234E62770016DA93 /* Poppins-ExtraBold.ttf */; };
		1B46E72C234E62790016DA93 /* Poppins-Bold.ttf in Resources */ = {isa = PBXBuildFile; fileRef = 1B46E71A234E62770016DA93 /* Poppins-Bold.ttf */; };
		1B46E72D234E62790016DA93 /* Poppins-LightItalic.ttf in Resources */ = {isa = PBXBuildFile; fileRef = 1B46E71B234E62770016DA93 /* Poppins-LightItalic.ttf */; };
		1B46E72E234E62790016DA93 /* Poppins-ExtraBoldItalic.ttf in Resources */ = {isa = PBXBuildFile; fileRef = 1B46E71C234E62770016DA93 /* Poppins-ExtraBoldItalic.ttf */; };
		1B46E72F234E62790016DA93 /* Poppins-Italic.ttf in Resources */ = {isa = PBXBuildFile; fileRef = 1B46E71D234E62770016DA93 /* Poppins-Italic.ttf */; };
		1B46E730234E62790016DA93 /* Poppins-ExtraLightItalic.ttf in Resources */ = {isa = PBXBuildFile; fileRef = 1B46E71E234E62770016DA93 /* Poppins-ExtraLightItalic.ttf */; };
		1B46E731234E62790016DA93 /* Poppins-BlackItalic.ttf in Resources */ = {isa = PBXBuildFile; fileRef = 1B46E71F234E62770016DA93 /* Poppins-BlackItalic.ttf */; };
		1B46E732234E62790016DA93 /* Poppins-Medium.ttf in Resources */ = {isa = PBXBuildFile; fileRef = 1B46E720234E62780016DA93 /* Poppins-Medium.ttf */; };
		1B46E733234E62790016DA93 /* Poppins-Regular.ttf in Resources */ = {isa = PBXBuildFile; fileRef = 1B46E721234E62780016DA93 /* Poppins-Regular.ttf */; };
		1B46E734234E62790016DA93 /* Poppins-Thin.ttf in Resources */ = {isa = PBXBuildFile; fileRef = 1B46E722234E62780016DA93 /* Poppins-Thin.ttf */; };
		1B46E735234E62790016DA93 /* Poppins-SemiBoldItalic.ttf in Resources */ = {isa = PBXBuildFile; fileRef = 1B46E723234E62780016DA93 /* Poppins-SemiBoldItalic.ttf */; };
		1B46E736234E62790016DA93 /* Poppins-ThinItalic.ttf in Resources */ = {isa = PBXBuildFile; fileRef = 1B46E724234E62780016DA93 /* Poppins-ThinItalic.ttf */; };
		1B46E737234E62790016DA93 /* Poppins-Light.ttf in Resources */ = {isa = PBXBuildFile; fileRef = 1B46E725234E62780016DA93 /* Poppins-Light.ttf */; };
		1B46E738234E62790016DA93 /* Poppins-MediumItalic.ttf in Resources */ = {isa = PBXBuildFile; fileRef = 1B46E726234E62780016DA93 /* Poppins-MediumItalic.ttf */; };
		1B46E739234E62790016DA93 /* Poppins-Black.ttf in Resources */ = {isa = PBXBuildFile; fileRef = 1B46E727234E62790016DA93 /* Poppins-Black.ttf */; };
		1B46E73A234E62790016DA93 /* Poppins-ExtraLight.ttf in Resources */ = {isa = PBXBuildFile; fileRef = 1B46E728234E62790016DA93 /* Poppins-ExtraLight.ttf */; };
		1B46E73C234E65600016DA93 /* String+truncate.swift in Sources */ = {isa = PBXBuildFile; fileRef = 1B46E73B234E65600016DA93 /* String+truncate.swift */; };
		1B4C6949234B5096005EF72D /* Constants.swift in Sources */ = {isa = PBXBuildFile; fileRef = 1B4C6948234B5096005EF72D /* Constants.swift */; };
		F133DDDDE2C323D5FB298288 /* Pods_CryptoLightV1App.framework in Frameworks */ = {isa = PBXBuildFile; fileRef = C239A7091AF5A8B4EF2369CB /* Pods_CryptoLightV1App.framework */; };
/* End PBXBuildFile section */

/* Begin PBXFileReference section */
		1B0B519B22F1C9B900759822 /* CryptoLightV1App.app */ = {isa = PBXFileReference; explicitFileType = wrapper.application; includeInIndex = 0; path = CryptoLightV1App.app; sourceTree = BUILT_PRODUCTS_DIR; };
		1B0B519E22F1C9B900759822 /* AppDelegate.swift */ = {isa = PBXFileReference; lastKnownFileType = sourcecode.swift; path = AppDelegate.swift; sourceTree = "<group>"; };
		1B0B51A022F1C9B900759822 /* ViewController.swift */ = {isa = PBXFileReference; lastKnownFileType = sourcecode.swift; path = ViewController.swift; sourceTree = "<group>"; };
		1B0B51A322F1C9B900759822 /* Base */ = {isa = PBXFileReference; lastKnownFileType = file.storyboard; name = Base; path = Base.lproj/Main.storyboard; sourceTree = "<group>"; };
		1B0B51A522F1C9BA00759822 /* Assets.xcassets */ = {isa = PBXFileReference; lastKnownFileType = folder.assetcatalog; path = Assets.xcassets; sourceTree = "<group>"; };
		1B0B51A822F1C9BA00759822 /* Base */ = {isa = PBXFileReference; lastKnownFileType = file.storyboard; name = Base; path = Base.lproj/LaunchScreen.storyboard; sourceTree = "<group>"; };
		1B0B51AA22F1C9BA00759822 /* Info.plist */ = {isa = PBXFileReference; lastKnownFileType = text.plist.xml; path = Info.plist; sourceTree = "<group>"; };
		1B0B51B022F1CAA200759822 /* MainTabBarController.swift */ = {isa = PBXFileReference; lastKnownFileType = sourcecode.swift; path = MainTabBarController.swift; sourceTree = "<group>"; };
		1B0B51BA22F1CD8C00759822 /* UIColor+colors.swift */ = {isa = PBXFileReference; lastKnownFileType = sourcecode.swift; path = "UIColor+colors.swift"; sourceTree = "<group>"; };
		1B0B51C622F57A1D00759822 /* CoinMarketCap.swift */ = {isa = PBXFileReference; lastKnownFileType = sourcecode.swift; path = CoinMarketCap.swift; sourceTree = "<group>"; };
		1B0B51C822F57A5900759822 /* CoinsController.swift */ = {isa = PBXFileReference; lastKnownFileType = sourcecode.swift; path = CoinsController.swift; sourceTree = "<group>"; };
		1B0B51CA22F57C6500759822 /* CustomCoinControllerCell.swift */ = {isa = PBXFileReference; lastKnownFileType = sourcecode.swift; path = CustomCoinControllerCell.swift; sourceTree = "<group>"; };
		1B0B51CC22F897E300759822 /* NewsArticle.swift */ = {isa = PBXFileReference; lastKnownFileType = sourcecode.swift; path = NewsArticle.swift; sourceTree = "<group>"; };
		1B0B51CE22F8980E00759822 /* NewsController.swift */ = {isa = PBXFileReference; lastKnownFileType = sourcecode.swift; path = NewsController.swift; sourceTree = "<group>"; };
		1B0B51D022F898F300759822 /* CustomNewsControllerCell.swift */ = {isa = PBXFileReference; lastKnownFileType = sourcecode.swift; path = CustomNewsControllerCell.swift; sourceTree = "<group>"; };
		1B0B51D423001FCB00759822 /* BaseListController.swift */ = {isa = PBXFileReference; lastKnownFileType = sourcecode.swift; path = BaseListController.swift; sourceTree = "<group>"; };
		1B46E717234E62760016DA93 /* Poppins-SemiBold.ttf */ = {isa = PBXFileReference; lastKnownFileType = file; path = "Poppins-SemiBold.ttf"; sourceTree = "<group>"; };
		1B46E718234E62760016DA93 /* Poppins-BoldItalic.ttf */ = {isa = PBXFileReference; lastKnownFileType = file; path = "Poppins-BoldItalic.ttf"; sourceTree = "<group>"; };
		1B46E719234E62770016DA93 /* Poppins-ExtraBold.ttf */ = {isa = PBXFileReference; lastKnownFileType = file; path = "Poppins-ExtraBold.ttf"; sourceTree = "<group>"; };
		1B46E71A234E62770016DA93 /* Poppins-Bold.ttf */ = {isa = PBXFileReference; lastKnownFileType = file; path = "Poppins-Bold.ttf"; sourceTree = "<group>"; };
		1B46E71B234E62770016DA93 /* Poppins-LightItalic.ttf */ = {isa = PBXFileReference; lastKnownFileType = file; path = "Poppins-LightItalic.ttf"; sourceTree = "<group>"; };
		1B46E71C234E62770016DA93 /* Poppins-ExtraBoldItalic.ttf */ = {isa = PBXFileReference; lastKnownFileType = file; path = "Poppins-ExtraBoldItalic.ttf"; sourceTree = "<group>"; };
		1B46E71D234E62770016DA93 /* Poppins-Italic.ttf */ = {isa = PBXFileReference; lastKnownFileType = file; path = "Poppins-Italic.ttf"; sourceTree = "<group>"; };
		1B46E71E234E62770016DA93 /* Poppins-ExtraLightItalic.ttf */ = {isa = PBXFileReference; lastKnownFileType = file; path = "Poppins-ExtraLightItalic.ttf"; sourceTree = "<group>"; };
		1B46E71F234E62770016DA93 /* Poppins-BlackItalic.ttf */ = {isa = PBXFileReference; lastKnownFileType = file; path = "Poppins-BlackItalic.ttf"; sourceTree = "<group>"; };
		1B46E720234E62780016DA93 /* Poppins-Medium.ttf */ = {isa = PBXFileReference; lastKnownFileType = file; path = "Poppins-Medium.ttf"; sourceTree = "<group>"; };
		1B46E721234E62780016DA93 /* Poppins-Regular.ttf */ = {isa = PBXFileReference; lastKnownFileType = file; path = "Poppins-Regular.ttf"; sourceTree = "<group>"; };
		1B46E722234E62780016DA93 /* Poppins-Thin.ttf */ = {isa = PBXFileReference; lastKnownFileType = file; path = "Poppins-Thin.ttf"; sourceTree = "<group>"; };
		1B46E723234E62780016DA93 /* Poppins-SemiBoldItalic.ttf */ = {isa = PBXFileReference; lastKnownFileType = file; path = "Poppins-SemiBoldItalic.ttf"; sourceTree = "<group>"; };
		1B46E724234E62780016DA93 /* Poppins-ThinItalic.ttf */ = {isa = PBXFileReference; lastKnownFileType = file; path = "Poppins-ThinItalic.ttf"; sourceTree = "<group>"; };
		1B46E725234E62780016DA93 /* Poppins-Light.ttf */ = {isa = PBXFileReference; lastKnownFileType = file; path = "Poppins-Light.ttf"; sourceTree = "<group>"; };
		1B46E726234E62780016DA93 /* Poppins-MediumItalic.ttf */ = {isa = PBXFileReference; lastKnownFileType = file; path = "Poppins-MediumItalic.ttf"; sourceTree = "<group>"; };
		1B46E727234E62790016DA93 /* Poppins-Black.ttf */ = {isa = PBXFileReference; lastKnownFileType = file; path = "Poppins-Black.ttf"; sourceTree = "<group>"; };
		1B46E728234E62790016DA93 /* Poppins-ExtraLight.ttf */ = {isa = PBXFileReference; lastKnownFileType = file; path = "Poppins-ExtraLight.ttf"; sourceTree = "<group>"; };
		1B46E73B234E65600016DA93 /* String+truncate.swift */ = {isa = PBXFileReference; lastKnownFileType = sourcecode.swift; path = "String+truncate.swift"; sourceTree = "<group>"; };
		1B4C6948234B5096005EF72D /* Constants.swift */ = {isa = PBXFileReference; lastKnownFileType = sourcecode.swift; path = Constants.swift; sourceTree = "<group>"; };
		B5C23EACE5D6FDF78F53CD18 /* Pods-CryptoLightV1App.release.xcconfig */ = {isa = PBXFileReference; includeInIndex = 1; lastKnownFileType = text.xcconfig; name = "Pods-CryptoLightV1App.release.xcconfig"; path = "Pods/Target Support Files/Pods-CryptoLightV1App/Pods-CryptoLightV1App.release.xcconfig"; sourceTree = "<group>"; };
		C239A7091AF5A8B4EF2369CB /* Pods_CryptoLightV1App.framework */ = {isa = PBXFileReference; explicitFileType = wrapper.framework; includeInIndex = 0; path = Pods_CryptoLightV1App.framework; sourceTree = BUILT_PRODUCTS_DIR; };
		D6C842755FC8E77A1AFCC7B3 /* Pods-CryptoLightV1App.debug.xcconfig */ = {isa = PBXFileReference; includeInIndex = 1; lastKnownFileType = text.xcconfig; name = "Pods-CryptoLightV1App.debug.xcconfig"; path = "Pods/Target Support Files/Pods-CryptoLightV1App/Pods-CryptoLightV1App.debug.xcconfig"; sourceTree = "<group>"; };
/* End PBXFileReference section */

/* Begin PBXFrameworksBuildPhase section */
		1B0B519822F1C9B900759822 /* Frameworks */ = {
			isa = PBXFrameworksBuildPhase;
			buildActionMask = 2147483647;
			files = (
				F133DDDDE2C323D5FB298288 /* Pods_CryptoLightV1App.framework in Frameworks */,
			);
			runOnlyForDeploymentPostprocessing = 0;
		};
/* End PBXFrameworksBuildPhase section */

/* Begin PBXGroup section */
		1B0B519222F1C9B900759822 = {
			isa = PBXGroup;
			children = (
				1B0B519D22F1C9B900759822 /* CryptoLightV1App */,
				1B0B519C22F1C9B900759822 /* Products */,
				701765A8E7D235AF1F246698 /* Pods */,
				C03FFC934262477C7340F76D /* Frameworks */,
			);
			sourceTree = "<group>";
		};
		1B0B519C22F1C9B900759822 /* Products */ = {
			isa = PBXGroup;
			children = (
				1B0B519B22F1C9B900759822 /* CryptoLightV1App.app */,
			);
			name = Products;
			sourceTree = "<group>";
		};
		1B0B519D22F1C9B900759822 /* CryptoLightV1App */ = {
			isa = PBXGroup;
			children = (
				1B46E716234E62550016DA93 /* Fonts */,
				1B4C694F234B589F005EF72D /* Services */,
				1B4C694E234B5897005EF72D /* Helpers */,
				1B4C694D234B5891005EF72D /* Extensions */,
				1B4C694C234B588A005EF72D /* Controllers */,
				1B4C694B234B5884005EF72D /* Views */,
				1B4C694A234B5875005EF72D /* Models */,
				1B0B519E22F1C9B900759822 /* AppDelegate.swift */,
				1B0B51A022F1C9B900759822 /* ViewController.swift */,
				1B0B51A222F1C9B900759822 /* Main.storyboard */,
				1B0B51A522F1C9BA00759822 /* Assets.xcassets */,
				1B0B51A722F1C9BA00759822 /* LaunchScreen.storyboard */,
				1B0B51AA22F1C9BA00759822 /* Info.plist */,
			);
			path = CryptoLightV1App;
			sourceTree = "<group>";
		};
		1B46E716234E62550016DA93 /* Fonts */ = {
			isa = PBXGroup;
			children = (
				1B46E727234E62790016DA93 /* Poppins-Black.ttf */,
				1B46E71F234E62770016DA93 /* Poppins-BlackItalic.ttf */,
				1B46E71A234E62770016DA93 /* Poppins-Bold.ttf */,
				1B46E718234E62760016DA93 /* Poppins-BoldItalic.ttf */,
				1B46E719234E62770016DA93 /* Poppins-ExtraBold.ttf */,
				1B46E71C234E62770016DA93 /* Poppins-ExtraBoldItalic.ttf */,
				1B46E728234E62790016DA93 /* Poppins-ExtraLight.ttf */,
				1B46E71E234E62770016DA93 /* Poppins-ExtraLightItalic.ttf */,
				1B46E71D234E62770016DA93 /* Poppins-Italic.ttf */,
				1B46E725234E62780016DA93 /* Poppins-Light.ttf */,
				1B46E71B234E62770016DA93 /* Poppins-LightItalic.ttf */,
				1B46E720234E62780016DA93 /* Poppins-Medium.ttf */,
				1B46E726234E62780016DA93 /* Poppins-MediumItalic.ttf */,
				1B46E721234E62780016DA93 /* Poppins-Regular.ttf */,
				1B46E717234E62760016DA93 /* Poppins-SemiBold.ttf */,
				1B46E723234E62780016DA93 /* Poppins-SemiBoldItalic.ttf */,
				1B46E722234E62780016DA93 /* Poppins-Thin.ttf */,
				1B46E724234E62780016DA93 /* Poppins-ThinItalic.ttf */,
			);
			path = Fonts;
			sourceTree = "<group>";
		};
		1B4C694A234B5875005EF72D /* Models */ = {
			isa = PBXGroup;
			children = (
				1B0B51CC22F897E300759822 /* NewsArticle.swift */,
				1B0B51C622F57A1D00759822 /* CoinMarketCap.swift */,
			);
			path = Models;
			sourceTree = "<group>";
		};
		1B4C694B234B5884005EF72D /* Views */ = {
			isa = PBXGroup;
			children = (
				1B0B51CA22F57C6500759822 /* CustomCoinControllerCell.swift */,
				1B0B51D022F898F300759822 /* CustomNewsControllerCell.swift */,
			);
			path = Views;
			sourceTree = "<group>";
		};
		1B4C694C234B588A005EF72D /* Controllers */ = {
			isa = PBXGroup;
			children = (
				1B0B51C822F57A5900759822 /* CoinsController.swift */,
				1B0B51D423001FCB00759822 /* BaseListController.swift */,
				1B0B51CE22F8980E00759822 /* NewsController.swift */,
				1B0B51B022F1CAA200759822 /* MainTabBarController.swift */,
			);
			path = Controllers;
			sourceTree = "<group>";
		};
		1B4C694D234B5891005EF72D /* Extensions */ = {
			isa = PBXGroup;
			children = (
				1B0B51BA22F1CD8C00759822 /* UIColor+colors.swift */,
				1B46E73B234E65600016DA93 /* String+truncate.swift */,
			);
			path = Extensions;
			sourceTree = "<group>";
		};
		1B4C694E234B5897005EF72D /* Helpers */ = {
			isa = PBXGroup;
			children = (
				1B4C6948234B5096005EF72D /* Constants.swift */,
			);
			path = Helpers;
			sourceTree = "<group>";
		};
		1B4C694F234B589F005EF72D /* Services */ = {
			isa = PBXGroup;
			children = (
			);
			path = Services;
			sourceTree = "<group>";
		};
		701765A8E7D235AF1F246698 /* Pods */ = {
			isa = PBXGroup;
			children = (
				D6C842755FC8E77A1AFCC7B3 /* Pods-CryptoLightV1App.debug.xcconfig */,
				B5C23EACE5D6FDF78F53CD18 /* Pods-CryptoLightV1App.release.xcconfig */,
			);
			name = Pods;
			sourceTree = "<group>";
		};
		C03FFC934262477C7340F76D /* Frameworks */ = {
			isa = PBXGroup;
			children = (
				C239A7091AF5A8B4EF2369CB /* Pods_CryptoLightV1App.framework */,
			);
			name = Frameworks;
			sourceTree = "<group>";
		};
/* End PBXGroup section */

/* Begin PBXNativeTarget section */
		1B0B519A22F1C9B900759822 /* CryptoLightV1App */ = {
			isa = PBXNativeTarget;
			buildConfigurationList = 1B0B51AD22F1C9BA00759822 /* Build configuration list for PBXNativeTarget "CryptoLightV1App" */;
			buildPhases = (
				09CB325B38E0C0290C9335DA /* [CP] Check Pods Manifest.lock */,
				1B0B519722F1C9B900759822 /* Sources */,
				1B0B519822F1C9B900759822 /* Frameworks */,
				1B0B519922F1C9B900759822 /* Resources */,
				F830F59D5FD42AD92E027CEF /* [CP] Embed Pods Frameworks */,
			);
			buildRules = (
			);
			dependencies = (
			);
			name = CryptoLightV1App;
			productName = CryptoLightV1App;
			productReference = 1B0B519B22F1C9B900759822 /* CryptoLightV1App.app */;
			productType = "com.apple.product-type.application";
		};
/* End PBXNativeTarget section */

/* Begin PBXProject section */
		1B0B519322F1C9B900759822 /* Project object */ = {
			isa = PBXProject;
			attributes = {
				LastSwiftUpdateCheck = 1030;
				LastUpgradeCheck = 1030;
				ORGANIZATIONNAME = "twisted echo";
				TargetAttributes = {
					1B0B519A22F1C9B900759822 = {
						CreatedOnToolsVersion = 10.3;
					};
				};
			};
			buildConfigurationList = 1B0B519622F1C9B900759822 /* Build configuration list for PBXProject "CryptoLightV1App" */;
			compatibilityVersion = "Xcode 9.3";
			developmentRegion = en;
			hasScannedForEncodings = 0;
			knownRegions = (
				en,
				Base,
			);
			mainGroup = 1B0B519222F1C9B900759822;
			productRefGroup = 1B0B519C22F1C9B900759822 /* Products */;
			projectDirPath = "";
			projectRoot = "";
			targets = (
				1B0B519A22F1C9B900759822 /* CryptoLightV1App */,
			);
		};
/* End PBXProject section */

/* Begin PBXResourcesBuildPhase section */
		1B0B519922F1C9B900759822 /* Resources */ = {
			isa = PBXResourcesBuildPhase;
			buildActionMask = 2147483647;
			files = (
				1B0B51A922F1C9BA00759822 /* LaunchScreen.storyboard in Resources */,
				1B46E737234E62790016DA93 /* Poppins-Light.ttf in Resources */,
				1B46E735234E62790016DA93 /* Poppins-SemiBoldItalic.ttf in Resources */,
				1B46E729234E62790016DA93 /* Poppins-SemiBold.ttf in Resources */,
				1B46E739234E62790016DA93 /* Poppins-Black.ttf in Resources */,
				1B46E738234E62790016DA93 /* Poppins-MediumItalic.ttf in Resources */,
				1B46E73A234E62790016DA93 /* Poppins-ExtraLight.ttf in Resources */,
				1B46E72C234E62790016DA93 /* Poppins-Bold.ttf in Resources */,
				1B46E732234E62790016DA93 /* Poppins-Medium.ttf in Resources */,
				1B46E736234E62790016DA93 /* Poppins-ThinItalic.ttf in Resources */,
				1B46E72E234E62790016DA93 /* Poppins-ExtraBoldItalic.ttf in Resources */,
				1B46E731234E62790016DA93 /* Poppins-BlackItalic.ttf in Resources */,
				1B0B51A622F1C9BA00759822 /* Assets.xcassets in Resources */,
				1B0B51A422F1C9B900759822 /* Main.storyboard in Resources */,
				1B46E730234E62790016DA93 /* Poppins-ExtraLightItalic.ttf in Resources */,
				1B46E734234E62790016DA93 /* Poppins-Thin.ttf in Resources */,
				1B46E733234E62790016DA93 /* Poppins-Regular.ttf in Resources */,
				1B46E72B234E62790016DA93 /* Poppins-ExtraBold.ttf in Resources */,
				1B46E72A234E62790016DA93 /* Poppins-BoldItalic.ttf in Resources */,
				1B46E72F234E62790016DA93 /* Poppins-Italic.ttf in Resources */,
				1B46E72D234E62790016DA93 /* Poppins-LightItalic.ttf in Resources */,
			);
			runOnlyForDeploymentPostprocessing = 0;
		};
/* End PBXResourcesBuildPhase section */

/* Begin PBXShellScriptBuildPhase section */
		09CB325B38E0C0290C9335DA /* [CP] Check Pods Manifest.lock */ = {
			isa = PBXShellScriptBuildPhase;
			buildActionMask = 2147483647;
			files = (
			);
			inputPaths = (
				"${PODS_PODFILE_DIR_PATH}/Podfile.lock",
				"${PODS_ROOT}/Manifest.lock",
			);
			name = "[CP] Check Pods Manifest.lock";
			outputPaths = (
				"$(DERIVED_FILE_DIR)/Pods-CryptoLightV1App-checkManifestLockResult.txt",
			);
			runOnlyForDeploymentPostprocessing = 0;
			shellPath = /bin/sh;
			shellScript = "diff \"${PODS_PODFILE_DIR_PATH}/Podfile.lock\" \"${PODS_ROOT}/Manifest.lock\" > /dev/null\nif [ $? != 0 ] ; then\n    # print error to STDERR\n    echo \"error: The sandbox is not in sync with the Podfile.lock. Run 'pod install' or update your CocoaPods installation.\" >&2\n    exit 1\nfi\n# This output is used by Xcode 'outputs' to avoid re-running this script phase.\necho \"SUCCESS\" > \"${SCRIPT_OUTPUT_FILE_0}\"\n";
			showEnvVarsInLog = 0;
		};
		F830F59D5FD42AD92E027CEF /* [CP] Embed Pods Frameworks */ = {
			isa = PBXShellScriptBuildPhase;
			buildActionMask = 2147483647;
			files = (
			);
			inputPaths = (
				"${SRCROOT}/Pods/Target Support Files/Pods-CryptoLightV1App/Pods-CryptoLightV1App-frameworks.sh",
				"${BUILT_PRODUCTS_DIR}/Alamofire/Alamofire.framework",
				"${BUILT_PRODUCTS_DIR}/SDWebImage/SDWebImage.framework",
			);
			name = "[CP] Embed Pods Frameworks";
			outputPaths = (
				"${TARGET_BUILD_DIR}/${FRAMEWORKS_FOLDER_PATH}/Alamofire.framework",
				"${TARGET_BUILD_DIR}/${FRAMEWORKS_FOLDER_PATH}/SDWebImage.framework",
			);
			runOnlyForDeploymentPostprocessing = 0;
			shellPath = /bin/sh;
			shellScript = "\"${SRCROOT}/Pods/Target Support Files/Pods-CryptoLightV1App/Pods-CryptoLightV1App-frameworks.sh\"\n";
			showEnvVarsInLog = 0;
		};
/* End PBXShellScriptBuildPhase section */

/* Begin PBXSourcesBuildPhase section */
		1B0B519722F1C9B900759822 /* Sources */ = {
			isa = PBXSourcesBuildPhase;
			buildActionMask = 2147483647;
			files = (
				1B0B51C922F57A5900759822 /* CoinsController.swift in Sources */,
				1B0B51A122F1C9B900759822 /* ViewController.swift in Sources */,
				1B0B51BB22F1CD8C00759822 /* UIColor+colors.swift in Sources */,
				1B0B51D122F898F300759822 /* CustomNewsControllerCell.swift in Sources */,
				1B0B51CB22F57C6500759822 /* CustomCoinControllerCell.swift in Sources */,
				1B0B51D523001FCB00759822 /* BaseListController.swift in Sources */,
				1B0B519F22F1C9B900759822 /* AppDelegate.swift in Sources */,
				1B0B51CD22F897E300759822 /* NewsArticle.swift in Sources */,
				1B46E73C234E65600016DA93 /* String+truncate.swift in Sources */,
				1B0B51CF22F8980E00759822 /* NewsController.swift in Sources */,
				1B0B51B122F1CAA200759822 /* MainTabBarController.swift in Sources */,
				1B0B51C722F57A1D00759822 /* CoinMarketCap.swift in Sources */,
				1B4C6949234B5096005EF72D /* Constants.swift in Sources */,
			);
			runOnlyForDeploymentPostprocessing = 0;
		};
/* End PBXSourcesBuildPhase section */

/* Begin PBXVariantGroup section */
		1B0B51A222F1C9B900759822 /* Main.storyboard */ = {
			isa = PBXVariantGroup;
			children = (
				1B0B51A322F1C9B900759822 /* Base */,
			);
			name = Main.storyboard;
			sourceTree = "<group>";
		};
		1B0B51A722F1C9BA00759822 /* LaunchScreen.storyboard */ = {
			isa = PBXVariantGroup;
			children = (
				1B0B51A822F1C9BA00759822 /* Base */,
			);
			name = LaunchScreen.storyboard;
			sourceTree = "<group>";
		};
/* End PBXVariantGroup section */

/* Begin XCBuildConfiguration section */
		1B0B51AB22F1C9BA00759822 /* Debug */ = {
			isa = XCBuildConfiguration;
			buildSettings = {
				ALWAYS_SEARCH_USER_PATHS = NO;
				CLANG_ANALYZER_NONNULL = YES;
				CLANG_ANALYZER_NUMBER_OBJECT_CONVERSION = YES_AGGRESSIVE;
				CLANG_CXX_LANGUAGE_STANDARD = "gnu++14";
				CLANG_CXX_LIBRARY = "libc++";
				CLANG_ENABLE_MODULES = YES;
				CLANG_ENABLE_OBJC_ARC = YES;
				CLANG_ENABLE_OBJC_WEAK = YES;
				CLANG_WARN_BLOCK_CAPTURE_AUTORELEASING = YES;
				CLANG_WARN_BOOL_CONVERSION = YES;
				CLANG_WARN_COMMA = YES;
				CLANG_WARN_CONSTANT_CONVERSION = YES;
				CLANG_WARN_DEPRECATED_OBJC_IMPLEMENTATIONS = YES;
				CLANG_WARN_DIRECT_OBJC_ISA_USAGE = YES_ERROR;
				CLANG_WARN_DOCUMENTATION_COMMENTS = YES;
				CLANG_WARN_EMPTY_BODY = YES;
				CLANG_WARN_ENUM_CONVERSION = YES;
				CLANG_WARN_INFINITE_RECURSION = YES;
				CLANG_WARN_INT_CONVERSION = YES;
				CLANG_WARN_NON_LITERAL_NULL_CONVERSION = YES;
				CLANG_WARN_OBJC_IMPLICIT_RETAIN_SELF = YES;
				CLANG_WARN_OBJC_LITERAL_CONVERSION = YES;
				CLANG_WARN_OBJC_ROOT_CLASS = YES_ERROR;
				CLANG_WARN_RANGE_LOOP_ANALYSIS = YES;
				CLANG_WARN_STRICT_PROTOTYPES = YES;
				CLANG_WARN_SUSPICIOUS_MOVE = YES;
				CLANG_WARN_UNGUARDED_AVAILABILITY = YES_AGGRESSIVE;
				CLANG_WARN_UNREACHABLE_CODE = YES;
				CLANG_WARN__DUPLICATE_METHOD_MATCH = YES;
				CODE_SIGN_IDENTITY = "iPhone Developer";
				COPY_PHASE_STRIP = NO;
				DEBUG_INFORMATION_FORMAT = dwarf;
				ENABLE_STRICT_OBJC_MSGSEND = YES;
				ENABLE_TESTABILITY = YES;
				GCC_C_LANGUAGE_STANDARD = gnu11;
				GCC_DYNAMIC_NO_PIC = NO;
				GCC_NO_COMMON_BLOCKS = YES;
				GCC_OPTIMIZATION_LEVEL = 0;
				GCC_PREPROCESSOR_DEFINITIONS = (
					"DEBUG=1",
					"$(inherited)",
				);
				GCC_WARN_64_TO_32_BIT_CONVERSION = YES;
				GCC_WARN_ABOUT_RETURN_TYPE = YES_ERROR;
				GCC_WARN_UNDECLARED_SELECTOR = YES;
				GCC_WARN_UNINITIALIZED_AUTOS = YES_AGGRESSIVE;
				GCC_WARN_UNUSED_FUNCTION = YES;
				GCC_WARN_UNUSED_VARIABLE = YES;
				IPHONEOS_DEPLOYMENT_TARGET = 12.4;
				MTL_ENABLE_DEBUG_INFO = INCLUDE_SOURCE;
				MTL_FAST_MATH = YES;
				ONLY_ACTIVE_ARCH = YES;
				SDKROOT = iphoneos;
				SWIFT_ACTIVE_COMPILATION_CONDITIONS = DEBUG;
				SWIFT_OPTIMIZATION_LEVEL = "-Onone";
			};
			name = Debug;
		};
		1B0B51AC22F1C9BA00759822 /* Release */ = {
			isa = XCBuildConfiguration;
			buildSettings = {
				ALWAYS_SEARCH_USER_PATHS = NO;
				CLANG_ANALYZER_NONNULL = YES;
				CLANG_ANALYZER_NUMBER_OBJECT_CONVERSION = YES_AGGRESSIVE;
				CLANG_CXX_LANGUAGE_STANDARD = "gnu++14";
				CLANG_CXX_LIBRARY = "libc++";
				CLANG_ENABLE_MODULES = YES;
				CLANG_ENABLE_OBJC_ARC = YES;
				CLANG_ENABLE_OBJC_WEAK = YES;
				CLANG_WARN_BLOCK_CAPTURE_AUTORELEASING = YES;
				CLANG_WARN_BOOL_CONVERSION = YES;
				CLANG_WARN_COMMA = YES;
				CLANG_WARN_CONSTANT_CONVERSION = YES;
				CLANG_WARN_DEPRECATED_OBJC_IMPLEMENTATIONS = YES;
				CLANG_WARN_DIRECT_OBJC_ISA_USAGE = YES_ERROR;
				CLANG_WARN_DOCUMENTATION_COMMENTS = YES;
				CLANG_WARN_EMPTY_BODY = YES;
				CLANG_WARN_ENUM_CONVERSION = YES;
				CLANG_WARN_INFINITE_RECURSION = YES;
				CLANG_WARN_INT_CONVERSION = YES;
				CLANG_WARN_NON_LITERAL_NULL_CONVERSION = YES;
				CLANG_WARN_OBJC_IMPLICIT_RETAIN_SELF = YES;
				CLANG_WARN_OBJC_LITERAL_CONVERSION = YES;
				CLANG_WARN_OBJC_ROOT_CLASS = YES_ERROR;
				CLANG_WARN_RANGE_LOOP_ANALYSIS = YES;
				CLANG_WARN_STRICT_PROTOTYPES = YES;
				CLANG_WARN_SUSPICIOUS_MOVE = YES;
				CLANG_WARN_UNGUARDED_AVAILABILITY = YES_AGGRESSIVE;
				CLANG_WARN_UNREACHABLE_CODE = YES;
				CLANG_WARN__DUPLICATE_METHOD_MATCH = YES;
				CODE_SIGN_IDENTITY = "iPhone Developer";
				COPY_PHASE_STRIP = NO;
				DEBUG_INFORMATION_FORMAT = "dwarf-with-dsym";
				ENABLE_NS_ASSERTIONS = NO;
				ENABLE_STRICT_OBJC_MSGSEND = YES;
				GCC_C_LANGUAGE_STANDARD = gnu11;
				GCC_NO_COMMON_BLOCKS = YES;
				GCC_WARN_64_TO_32_BIT_CONVERSION = YES;
				GCC_WARN_ABOUT_RETURN_TYPE = YES_ERROR;
				GCC_WARN_UNDECLARED_SELECTOR = YES;
				GCC_WARN_UNINITIALIZED_AUTOS = YES_AGGRESSIVE;
				GCC_WARN_UNUSED_FUNCTION = YES;
				GCC_WARN_UNUSED_VARIABLE = YES;
				IPHONEOS_DEPLOYMENT_TARGET = 12.4;
				MTL_ENABLE_DEBUG_INFO = NO;
				MTL_FAST_MATH = YES;
				SDKROOT = iphoneos;
				SWIFT_COMPILATION_MODE = wholemodule;
				SWIFT_OPTIMIZATION_LEVEL = "-O";
				VALIDATE_PRODUCT = YES;
			};
			name = Release;
		};
		1B0B51AE22F1C9BA00759822 /* Debug */ = {
			isa = XCBuildConfiguration;
			baseConfigurationReference = D6C842755FC8E77A1AFCC7B3 /* Pods-CryptoLightV1App.debug.xcconfig */;
			buildSettings = {
				ASSETCATALOG_COMPILER_APPICON_NAME = AppIcon;
				CODE_SIGN_STYLE = Automatic;
				DEVELOPMENT_TEAM = UMQAGMF379;
				INFOPLIST_FILE = CryptoLightV1App/Info.plist;
				LD_RUNPATH_SEARCH_PATHS = (
					"$(inherited)",
					"@executable_path/Frameworks",
				);
				PRODUCT_BUNDLE_IDENTIFIER = com.twisted.CryptoLightV1App;
				PRODUCT_NAME = "$(TARGET_NAME)";
				SWIFT_VERSION = 5.0;
				TARGETED_DEVICE_FAMILY = "1,2";
			};
			name = Debug;
		};
		1B0B51AF22F1C9BA00759822 /* Release */ = {
			isa = XCBuildConfiguration;
			baseConfigurationReference = B5C23EACE5D6FDF78F53CD18 /* Pods-CryptoLightV1App.release.xcconfig */;
			buildSettings = {
				ASSETCATALOG_COMPILER_APPICON_NAME = AppIcon;
				CODE_SIGN_STYLE = Automatic;
				DEVELOPMENT_TEAM = UMQAGMF379;
				INFOPLIST_FILE = CryptoLightV1App/Info.plist;
				LD_RUNPATH_SEARCH_PATHS = (
					"$(inherited)",
					"@executable_path/Frameworks",
				);
				PRODUCT_BUNDLE_IDENTIFIER = com.twisted.CryptoLightV1App;
				PRODUCT_NAME = "$(TARGET_NAME)";
				SWIFT_VERSION = 5.0;
				TARGETED_DEVICE_FAMILY = "1,2";
			};
			name = Release;
		};
/* End XCBuildConfiguration section */

/* Begin XCConfigurationList section */
		1B0B519622F1C9B900759822 /* Build configuration list for PBXProject "CryptoLightV1App" */ = {
			isa = XCConfigurationList;
			buildConfigurations = (
				1B0B51AB22F1C9BA00759822 /* Debug */,
				1B0B51AC22F1C9BA00759822 /* Release */,
			);
			defaultConfigurationIsVisible = 0;
			defaultConfigurationName = Release;
		};
		1B0B51AD22F1C9BA00759822 /* Build configuration list for PBXNativeTarget "CryptoLightV1App" */ = {
			isa = XCConfigurationList;
			buildConfigurations = (
				1B0B51AE22F1C9BA00759822 /* Debug */,
				1B0B51AF22F1C9BA00759822 /* Release */,
			);
			defaultConfigurationIsVisible = 0;
			defaultConfigurationName = Release;
		};
/* End XCConfigurationList section */
	};
	rootObject = 1B0B519322F1C9B900759822 /* Project object */;
}
